
Microsoft Visual Studio Solution File, Format Version 12.00
# Visual Studio Version 17
VisualStudioVersion = 17.10.35122.118
MinimumVisualStudioVersion = 10.0.40219.1
Project("{FAE04EC0-301F-11D3-BF4B-00C04F79EFBC}") = "FikusIn", "FikusIn.csproj", "{535530C3-426C-4C4D-8E7C-DD376E949D2B}"
EndProject
Global
	GlobalSection(SolutionConfigurationPlatforms) = preSolution
		Debug|Any CPU = Debug|Any CPU
		Debug|x64 = Debug|x64
		Release|Any CPU = Release|Any CPU
		Release|x64 = Release|x64
	EndGlobalSection
	GlobalSection(ProjectConfigurationPlatforms) = postSolution
		{535530C3-426C-4C4D-8E7C-DD376E949D2B}.Debug|Any CPU.ActiveCfg = Debug|Any CPU
		{535530C3-426C-4C4D-8E7C-DD376E949D2B}.Debug|Any CPU.Build.0 = Debug|Any CPU
		{535530C3-426C-4C4D-8E7C-DD376E949D2B}.Debug|x64.ActiveCfg = Debug|x64
		{535530C3-426C-4C4D-8E7C-DD376E949D2B}.Debug|x64.Build.0 = Debug|x64
		{535530C3-426C-4C4D-8E7C-DD376E949D2B}.Release|Any CPU.ActiveCfg = Release|Any CPU
		{535530C3-426C-4C4D-8E7C-DD376E949D2B}.Release|Any CPU.Build.0 = Release|Any CPU
		{535530C3-426C-4C4D-8E7C-DD376E949D2B}.Release|x64.ActiveCfg = Release|x64
		{535530C3-426C-4C4D-8E7C-DD376E949D2B}.Release|x64.Build.0 = Release|x64
	EndGlobalSection
	GlobalSection(SolutionProperties) = preSolution
		HideSolutionNode = FALSE
	EndGlobalSection
	GlobalSection(ExtensibilityGlobals) = postSolution
		SolutionGuid = {407B5D85-2D52-41A0-A76E-5FEC35100A8C}
	EndGlobalSection
EndGlobal
